// !$*UTF8*$!
{
	archiveVersion = 1;
	classes = {
	};
	objectVersion = 46;
	objects = {

/* Begin PBXBuildFile section */
		6B781F6B1B885B3E00EBE89C /* AppDelegate.swift in Sources */ = {isa = PBXBuildFile; fileRef = 6B781F6A1B885B3E00EBE89C /* AppDelegate.swift */; };
		6B781F6D1B885B3E00EBE89C /* PsychologistViewController.swift in Sources */ = {isa = PBXBuildFile; fileRef = 6B781F6C1B885B3E00EBE89C /* PsychologistViewController.swift */; };
		6B781F701B885B3E00EBE89C /* Main.storyboard in Resources */ = {isa = PBXBuildFile; fileRef = 6B781F6E1B885B3E00EBE89C /* Main.storyboard */; };
		6B781F721B885B3E00EBE89C /* Images.xcassets in Resources */ = {isa = PBXBuildFile; fileRef = 6B781F711B885B3E00EBE89C /* Images.xcassets */; };
		6B781F751B885B3E00EBE89C /* LaunchScreen.xib in Resources */ = {isa = PBXBuildFile; fileRef = 6B781F731B885B3E00EBE89C /* LaunchScreen.xib */; };
		6B781F811B885B3F00EBE89C /* PsychologistTests.swift in Sources */ = {isa = PBXBuildFile; fileRef = 6B781F801B885B3F00EBE89C /* PsychologistTests.swift */; };
		6B781F941B8A629700EBE89C /* FaceView.swift in Sources */ = {isa = PBXBuildFile; fileRef = 6B781F921B8A629700EBE89C /* FaceView.swift */; };
		6B781F951B8A629700EBE89C /* HappinessViewController.swift in Sources */ = {isa = PBXBuildFile; fileRef = 6B781F931B8A629700EBE89C /* HappinessViewController.swift */; };
		6B781F971B8D8A2F00EBE89C /* TextViewController.swift in Sources */ = {isa = PBXBuildFile; fileRef = 6B781F961B8D8A2F00EBE89C /* TextViewController.swift */; };
/* End PBXBuildFile section */

/* Begin PBXContainerItemProxy section */
		6B781F7B1B885B3F00EBE89C /* PBXContainerItemProxy */ = {
			isa = PBXContainerItemProxy;
			containerPortal = 6B781F5D1B885B3E00EBE89C /* Project object */;
			proxyType = 1;
			remoteGlobalIDString = 6B781F641B885B3E00EBE89C;
			remoteInfo = Psychologist;
		};
/* End PBXContainerItemProxy section */

/* Begin PBXFileReference section */
		6B781F651B885B3E00EBE89C /* Psychologist.app */ = {isa = PBXFileReference; explicitFileType = wrapper.application; includeInIndex = 0; path = Psychologist.app; sourceTree = BUILT_PRODUCTS_DIR; };
		6B781F691B885B3E00EBE89C /* Info.plist */ = {isa = PBXFileReference; lastKnownFileType = text.plist.xml; path = Info.plist; sourceTree = "<group>"; };
		6B781F6A1B885B3E00EBE89C /* AppDelegate.swift */ = {isa = PBXFileReference; lastKnownFileType = sourcecode.swift; path = AppDelegate.swift; sourceTree = "<group>"; };
		6B781F6C1B885B3E00EBE89C /* PsychologistViewController.swift */ = {isa = PBXFileReference; lastKnownFileType = sourcecode.swift; path = PsychologistViewController.swift; sourceTree = "<group>"; };
		6B781F6F1B885B3E00EBE89C /* Base */ = {isa = PBXFileReference; lastKnownFileType = file.storyboard; name = Base; path = Base.lproj/Main.storyboard; sourceTree = "<group>"; };
		6B781F711B885B3E00EBE89C /* Images.xcassets */ = {isa = PBXFileReference; lastKnownFileType = folder.assetcatalog; path = Images.xcassets; sourceTree = "<group>"; };
		6B781F741B885B3E00EBE89C /* Base */ = {isa = PBXFileReference; lastKnownFileType = file.xib; name = Base; path = Base.lproj/LaunchScreen.xib; sourceTree = "<group>"; };
		6B781F7A1B885B3F00EBE89C /* PsychologistTests.xctest */ = {isa = PBXFileReference; explicitFileType = wrapper.cfbundle; includeInIndex = 0; path = PsychologistTests.xctest; sourceTree = BUILT_PRODUCTS_DIR; };
		6B781F7F1B885B3F00EBE89C /* Info.plist */ = {isa = PBXFileReference; lastKnownFileType = text.plist.xml; path = Info.plist; sourceTree = "<group>"; };
		6B781F801B885B3F00EBE89C /* PsychologistTests.swift */ = {isa = PBXFileReference; lastKnownFileType = sourcecode.swift; path = PsychologistTests.swift; sourceTree = "<group>"; };
		6B781F921B8A629700EBE89C /* FaceView.swift */ = {isa = PBXFileReference; fileEncoding = 4; lastKnownFileType = sourcecode.swift; path = FaceView.swift; sourceTree = "<group>"; };
		6B781F931B8A629700EBE89C /* HappinessViewController.swift */ = {isa = PBXFileReference; fileEncoding = 4; lastKnownFileType = sourcecode.swift; path = HappinessViewController.swift; sourceTree = "<group>"; };
		6B781F961B8D8A2F00EBE89C /* TextViewController.swift */ = {isa = PBXFileReference; fileEncoding = 4; lastKnownFileType = sourcecode.swift; path = TextViewController.swift; sourceTree = "<group>"; };
/* End PBXFileReference section */

/* Begin PBXFrameworksBuildPhase section */
		6B781F621B885B3E00EBE89C /* Frameworks */ = {
			isa = PBXFrameworksBuildPhase;
			buildActionMask = 2147483647;
			files = (
			);
			runOnlyForDeploymentPostprocessing = 0;
		};
		6B781F771B885B3F00EBE89C /* Frameworks */ = {
			isa = PBXFrameworksBuildPhase;
			buildActionMask = 2147483647;
			files = (
			);
			runOnlyForDeploymentPostprocessing = 0;
		};
/* End PBXFrameworksBuildPhase section */

/* Begin PBXGroup section */
		6B781F5C1B885B3E00EBE89C = {
			isa = PBXGroup;
			children = (
				6B781F671B885B3E00EBE89C /* Psychologist */,
				6B781F7D1B885B3F00EBE89C /* PsychologistTests */,
				6B781F661B885B3E00EBE89C /* Products */,
			);
			sourceTree = "<group>";
		};
		6B781F661B885B3E00EBE89C /* Products */ = {
			isa = PBXGroup;
			children = (
				6B781F651B885B3E00EBE89C /* Psychologist.app */,
				6B781F7A1B885B3F00EBE89C /* PsychologistTests.xctest */,
			);
			name = Products;
			sourceTree = "<group>";
		};
		6B781F671B885B3E00EBE89C /* Psychologist */ = {
			isa = PBXGroup;
			children = (
				6B781F921B8A629700EBE89C /* FaceView.swift */,
				6B781F931B8A629700EBE89C /* HappinessViewController.swift */,
				6B781F6C1B885B3E00EBE89C /* PsychologistViewController.swift */,
				6B781F6E1B885B3E00EBE89C /* Main.storyboard */,
				6B781F961B8D8A2F00EBE89C /* TextViewController.swift */,
				6B781F681B885B3E00EBE89C /* Supporting Files */,
			);
			path = Psychologist;
			sourceTree = "<group>";
		};
		6B781F681B885B3E00EBE89C /* Supporting Files */ = {
			isa = PBXGroup;
			children = (
				6B781F731B885B3E00EBE89C /* LaunchScreen.xib */,
				6B781F6A1B885B3E00EBE89C /* AppDelegate.swift */,
				6B781F711B885B3E00EBE89C /* Images.xcassets */,
				6B781F691B885B3E00EBE89C /* Info.plist */,
			);
			name = "Supporting Files";
			sourceTree = "<group>";
		};
		6B781F7D1B885B3F00EBE89C /* PsychologistTests */ = {
			isa = PBXGroup;
			children = (
				6B781F801B885B3F00EBE89C /* PsychologistTests.swift */,
				6B781F7E1B885B3F00EBE89C /* Supporting Files */,
			);
			path = PsychologistTests;
			sourceTree = "<group>";
		};
		6B781F7E1B885B3F00EBE89C /* Supporting Files */ = {
			isa = PBXGroup;
			children = (
				6B781F7F1B885B3F00EBE89C /* Info.plist */,
			);
			name = "Supporting Files";
			sourceTree = "<group>";
		};
/* End PBXGroup section */

/* Begin PBXNativeTarget section */
		6B781F641B885B3E00EBE89C /* Psychologist */ = {
			isa = PBXNativeTarget;
			buildConfigurationList = 6B781F841B885B3F00EBE89C /* Build configuration list for PBXNativeTarget "Psychologist" */;
			buildPhases = (
				6B781F611B885B3E00EBE89C /* Sources */,
				6B781F621B885B3E00EBE89C /* Frameworks */,
				6B781F631B885B3E00EBE89C /* Resources */,
			);
			buildRules = (
			);
			dependencies = (
			);
			name = Psychologist;
			productName = Psychologist;
			productReference = 6B781F651B885B3E00EBE89C /* Psychologist.app */;
			productType = "com.apple.product-type.application";
		};
		6B781F791B885B3F00EBE89C /* PsychologistTests */ = {
			isa = PBXNativeTarget;
			buildConfigurationList = 6B781F871B885B3F00EBE89C /* Build configuration list for PBXNativeTarget "PsychologistTests" */;
			buildPhases = (
				6B781F761B885B3F00EBE89C /* Sources */,
				6B781F771B885B3F00EBE89C /* Frameworks */,
				6B781F781B885B3F00EBE89C /* Resources */,
			);
			buildRules = (
			);
			dependencies = (
				6B781F7C1B885B3F00EBE89C /* PBXTargetDependency */,
			);
			name = PsychologistTests;
			productName = PsychologistTests;
			productReference = 6B781F7A1B885B3F00EBE89C /* PsychologistTests.xctest */;
			productType = "com.apple.product-type.bundle.unit-test";
		};
/* End PBXNativeTarget section */

/* Begin PBXProject section */
		6B781F5D1B885B3E00EBE89C /* Project object */ = {
			isa = PBXProject;
			attributes = {
				LastUpgradeCheck = 0640;
				ORGANIZATIONNAME = "Matthew Allen Lin";
				TargetAttributes = {
					6B781F641B885B3E00EBE89C = {
						CreatedOnToolsVersion = 6.4;
					};
					6B781F791B885B3F00EBE89C = {
						CreatedOnToolsVersion = 6.4;
						TestTargetID = 6B781F641B885B3E00EBE89C;
					};
				};
			};
			buildConfigurationList = 6B781F601B885B3E00EBE89C /* Build configuration list for PBXProject "Psychologist" */;
			compatibilityVersion = "Xcode 3.2";
			developmentRegion = English;
			hasScannedForEncodings = 0;
			knownRegions = (
				en,
				Base,
			);
			mainGroup = 6B781F5C1B885B3E00EBE89C;
			productRefGroup = 6B781F661B885B3E00EBE89C /* Products */;
			projectDirPath = "";
			projectRoot = "";
			targets = (
				6B781F641B885B3E00EBE89C /* Psychologist */,
				6B781F791B885B3F00EBE89C /* PsychologistTests */,
			);
		};
/* End PBXProject section */

/* Begin PBXResourcesBuildPhase section */
		6B781F631B885B3E00EBE89C /* Resources */ = {
			isa = PBXResourcesBuildPhase;
			buildActionMask = 2147483647;
			files = (
				6B781F701B885B3E00EBE89C /* Main.storyboard in Resources */,
				6B781F751B885B3E00EBE89C /* LaunchScreen.xib in Resources */,
				6B781F721B885B3E00EBE89C /* Images.xcassets in Resources */,
			);
			runOnlyForDeploymentPostprocessing = 0;
		};
		6B781F781B885B3F00EBE89C /* Resources */ = {
			isa = PBXResourcesBuildPhase;
			buildActionMask = 2147483647;
			files = (
			);
			runOnlyForDeploymentPostprocessing = 0;
		};
/* End PBXResourcesBuildPhase section */

/* Begin PBXSourcesBuildPhase section */
		6B781F611B885B3E00EBE89C /* Sources */ = {
			isa = PBXSourcesBuildPhase;
			buildActionMask = 2147483647;
			files = (
				6B781F971B8D8A2F00EBE89C /* TextViewController.swift in Sources */,
				6B781F6D1B885B3E00EBE89C /* PsychologistViewController.swift in Sources */,
				6B781F6B1B885B3E00EBE89C /* AppDelegate.swift in Sources */,
				6B781F951B8A629700EBE89C /* HappinessViewController.swift in Sources */,
				6B781F941B8A629700EBE89C /* FaceView.swift in Sources */,
			);
			runOnlyForDeploymentPostprocessing = 0;
		};
		6B781F761B885B3F00EBE89C /* Sources */ = {
			isa = PBXSourcesBuildPhase;
			buildActionMask = 2147483647;
			files = (
				6B781F811B885B3F00EBE89C /* PsychologistTests.swift in Sources */,
			);
			runOnlyForDeploymentPostprocessing = 0;
		};
/* End PBXSourcesBuildPhase section */

/* Begin PBXTargetDependency section */
		6B781F7C1B885B3F00EBE89C /* PBXTargetDependency */ = {
			isa = PBXTargetDependency;
			target = 6B781F641B885B3E00EBE89C /* Psychologist */;
			targetProxy = 6B781F7B1B885B3F00EBE89C /* PBXContainerItemProxy */;
		};
/* End PBXTargetDependency section */

/* Begin PBXVariantGroup section */
		6B781F6E1B885B3E00EBE89C /* Main.storyboard */ = {
			isa = PBXVariantGroup;
			children = (
				6B781F6F1B885B3E00EBE89C /* Base */,
			);
			name = Main.storyboard;
			sourceTree = "<group>";
		};
		6B781F731B885B3E00EBE89C /* LaunchScreen.xib */ = {
			isa = PBXVariantGroup;
			children = (
				6B781F741B885B3E00EBE89C /* Base */,
			);
			name = LaunchScreen.xib;
			sourceTree = "<group>";
		};
/* End PBXVariantGroup section */

/* Begin XCBuildConfiguration section */
		6B781F821B885B3F00EBE89C /* Debug */ = {
			isa = XCBuildConfiguration;
			buildSettings = {
				ALWAYS_SEARCH_USER_PATHS = NO;
				CLANG_CXX_LANGUAGE_STANDARD = "gnu++0x";
				CLANG_CXX_LIBRARY = "libc++";
				CLANG_ENABLE_MODULES = YES;
				CLANG_ENABLE_OBJC_ARC = YES;
				CLANG_WARN_BOOL_CONVERSION = YES;
				CLANG_WARN_CONSTANT_CONVERSION = YES;
				CLANG_WARN_DIRECT_OBJC_ISA_USAGE = YES_ERROR;
				CLANG_WARN_EMPTY_BODY = YES;
				CLANG_WARN_ENUM_CONVERSION = YES;
				CLANG_WARN_INT_CONVERSION = YES;
				CLANG_WARN_OBJC_ROOT_CLASS = YES_ERROR;
				CLANG_WARN_UNREACHABLE_CODE = YES;
				CLANG_WARN__DUPLICATE_METHOD_MATCH = YES;
				"CODE_SIGN_IDENTITY[sdk=iphoneos*]" = "iPhone Developer";
				COPY_PHASE_STRIP = NO;
				DEBUG_INFORMATION_FORMAT = "dwarf-with-dsym";
				ENABLE_STRICT_OBJC_MSGSEND = YES;
				GCC_C_LANGUAGE_STANDARD = gnu99;
				GCC_DYNAMIC_NO_PIC = NO;
				GCC_NO_COMMON_BLOCKS = YES;
				GCC_OPTIMIZATION_LEVEL = 0;
				GCC_PREPROCESSOR_DEFINITIONS = (
					"DEBUG=1",
					"$(inherited)",
				);
				GCC_SYMBOLS_PRIVATE_EXTERN = NO;
				GCC_WARN_64_TO_32_BIT_CONVERSION = YES;
				GCC_WARN_ABOUT_RETURN_TYPE = YES_ERROR;
				GCC_WARN_UNDECLARED_SELECTOR = YES;
				GCC_WARN_UNINITIALIZED_AUTOS = YES_AGGRESSIVE;
				GCC_WARN_UNUSED_FUNCTION = YES;
				GCC_WARN_UNUSED_VARIABLE = YES;
				IPHONEOS_DEPLOYMENT_TARGET = 8.4;
				MTL_ENABLE_DEBUG_INFO = YES;
				ONLY_ACTIVE_ARCH = YES;
				SDKROOT = iphoneos;
				SWIFT_OPTIMIZATION_LEVEL = "-Onone";
				TARGETED_DEVICE_FAMILY = "1,2";
			};
			name = Debug;
		};
		6B781F831B885B3F00EBE89C /* Release */ = {
			isa = XCBuildConfiguration;
			buildSettings = {
				ALWAYS_SEARCH_USER_PATHS = NO;
				CLANG_CXX_LANGUAGE_STANDARD = "gnu++0x";
				CLANG_CXX_LIBRARY = "libc++";
				CLANG_ENABLE_MODULES = YES;
				CLANG_ENABLE_OBJC_ARC = YES;
				CLANG_WARN_BOOL_CONVERSION = YES;
				CLANG_WARN_CONSTANT_CONVERSION = YES;
				CLANG_WARN_DIRECT_OBJC_ISA_USAGE = YES_ERROR;
				CLANG_WARN_EMPTY_BODY = YES;
				CLANG_WARN_ENUM_CONVERSION = YES;
				CLANG_WARN_INT_CONVERSION = YES;
				CLANG_WARN_OBJC_ROOT_CLASS = YES_ERROR;
				CLANG_WARN_UNREACHABLE_CODE = YES;
				CLANG_WARN__DUPLICATE_METHOD_MATCH = YES;
				"CODE_SIGN_IDENTITY[sdk=iphoneos*]" = "iPhone Developer";
				COPY_PHASE_STRIP = NO;
				DEBUG_INFORMATION_FORMAT = "dwarf-with-dsym";
				ENABLE_NS_ASSERTIONS = NO;
				ENABLE_STRICT_OBJC_MSGSEND = YES;
				GCC_C_LANGUAGE_STANDARD = gnu99;
				GCC_NO_COMMON_BLOCKS = YES;
				GCC_WARN_64_TO_32_BIT_CONVERSION = YES;
				GCC_WARN_ABOUT_RETURN_TYPE = YES_ERROR;
				GCC_WARN_UNDECLARED_SELECTOR = YES;
				GCC_WARN_UNINITIALIZED_AUTOS = YES_AGGRESSIVE;
				GCC_WARN_UNUSED_FUNCTION = YES;
				GCC_WARN_UNUSED_VARIABLE = YES;
				IPHONEOS_DEPLOYMENT_TARGET = 8.4;
				MTL_ENABLE_DEBUG_INFO = NO;
				SDKROOT = iphoneos;
				TARGETED_DEVICE_FAMILY = "1,2";
				VALIDATE_PRODUCT = YES;
			};
			name = Release;
		};
		6B781F851B885B3F00EBE89C /* Debug */ = {
			isa = XCBuildConfiguration;
			buildSettings = {
				ASSETCATALOG_COMPILER_APPICON_NAME = AppIcon;
				INFOPLIST_FILE = Psychologist/Info.plist;
				LD_RUNPATH_SEARCH_PATHS = "$(inherited) @executable_path/Frameworks";
				PRODUCT_NAME = "$(TARGET_NAME)";
			};
			name = Debug;
		};
		6B781F861B885B3F00EBE89C /* Release */ = {
			isa = XCBuildConfiguration;
			buildSettings = {
				ASSETCATALOG_COMPILER_APPICON_NAME = AppIcon;
				INFOPLIST_FILE = Psychologist/Info.plist;
				LD_RUNPATH_SEARCH_PATHS = "$(inherited) @executable_path/Frameworks";
				PRODUCT_NAME = "$(TARGET_NAME)";
			};
			name = Release;
		};
		6B781F881B885B3F00EBE89C /* Debug */ = {
			isa = XCBuildConfiguration;
			buildSettings = {
				BUNDLE_LOADER = "$(TEST_HOST)";
				FRAMEWORK_SEARCH_PATHS = (
					"$(SDKROOT)/Developer/Library/Frameworks",
					"$(inherited)",
				);
				GCC_PREPROCESSOR_DEFINITIONS = (
					"DEBUG=1",
					"$(inherited)",
				);
				INFOPLIST_FILE = PsychologistTests/Info.plist;
				LD_RUNPATH_SEARCH_PATHS = "$(inherited) @executable_path/Frameworks @loader_path/Frameworks";
				PRODUCT_NAME = "$(TARGET_NAME)";
				TEST_HOST = "$(BUILT_PRODUCTS_DIR)/Psychologist.app/Psychologist";
			};
			name = Debug;
		};
		6B781F891B885B3F00EBE89C /* Release */ = {
			isa = XCBuildConfiguration;
			buildSettings = {
				BUNDLE_LOADER = "$(TEST_HOST)";
				FRAMEWORK_SEARCH_PATHS = (
					"$(SDKROOT)/Developer/Library/Frameworks",
					"$(inherited)",
				);
				INFOPLIST_FILE = PsychologistTests/Info.plist;
				LD_RUNPATH_SEARCH_PATHS = "$(inherited) @executable_path/Frameworks @loader_path/Frameworks";
				PRODUCT_NAME = "$(TARGET_NAME)";
				TEST_HOST = "$(BUILT_PRODUCTS_DIR)/Psychologist.app/Psychologist";
			};
			name = Release;
		};
/* End XCBuildConfiguration section */

/* Begin XCConfigurationList section */
		6B781F601B885B3E00EBE89C /* Build configuration list for PBXProject "Psychologist" */ = {
			isa = XCConfigurationList;
			buildConfigurations = (
				6B781F821B885B3F00EBE89C /* Debug */,
				6B781F831B885B3F00EBE89C /* Release */,
			);
			defaultConfigurationIsVisible = 0;
			defaultConfigurationName = Release;
		};
		6B781F841B885B3F00EBE89C /* Build configuration list for PBXNativeTarget "Psychologist" */ = {
			isa = XCConfigurationList;
			buildConfigurations = (
				6B781F851B885B3F00EBE89C /* Debug */,
				6B781F861B885B3F00EBE89C /* Release */,
			);
			defaultConfigurationIsVisible = 0;
			defaultConfigurationName = Release;
		};
		6B781F871B885B3F00EBE89C /* Build configuration list for PBXNativeTarget "PsychologistTests" */ = {
			isa = XCConfigurationList;
			buildConfigurations = (
				6B781F881B885B3F00EBE89C /* Debug */,
				6B781F891B885B3F00EBE89C /* Release */,
			);
			defaultConfigurationIsVisible = 0;
			defaultConfigurationName = Release;
		};
/* End XCConfigurationList section */
	};
	rootObject = 6B781F5D1B885B3E00EBE89C /* Project object */;
}
